# This file is automatically @generated by Wally.
# It is not intended for manual editing.
registry = "test"

[[package]]
name = "compeydev/rusty-luau"
version = "0.1.0"
dependencies = [["luausignal", "ffrostflame/luausignal@0.2.4"]]

[[package]]
name = "ffrostflame/luausignal"
version = "0.2.4"
dependencies = []
